// !$*UTF8*$!
{
	archiveVersion = 1;
	classes = {
	};
	objectVersion = 77;
	objects = {

/* Begin PBXContainerItemProxy section */
		51244D0B2CF62CD4003AA070 /* PBXContainerItemProxy */ = {
			isa = PBXContainerItemProxy;
			containerPortal = 51244CF22CF62CD3003AA070 /* Project object */;
			proxyType = 1;
			remoteGlobalIDString = 51244CF92CF62CD3003AA070;
			remoteInfo = DietiDeals24;
		};
		51244D152CF62CD4003AA070 /* PBXContainerItemProxy */ = {
			isa = PBXContainerItemProxy;
			containerPortal = 51244CF22CF62CD3003AA070 /* Project object */;
			proxyType = 1;
			remoteGlobalIDString = 51244CF92CF62CD3003AA070;
			remoteInfo = DietiDeals24;
		};
/* End PBXContainerItemProxy section */

/* Begin PBXFileReference section */
		51244CFA2CF62CD3003AA070 /* DietiDeals24.app */ = {isa = PBXFileReference; explicitFileType = wrapper.application; includeInIndex = 0; path = DietiDeals24.app; sourceTree = BUILT_PRODUCTS_DIR; };
		51244D0A2CF62CD4003AA070 /* DietiDeals24Tests.xctest */ = {isa = PBXFileReference; explicitFileType = wrapper.cfbundle; includeInIndex = 0; path = DietiDeals24Tests.xctest; sourceTree = BUILT_PRODUCTS_DIR; };
		51244D142CF62CD4003AA070 /* DietiDeals24UITests.xctest */ = {isa = PBXFileReference; explicitFileType = wrapper.cfbundle; includeInIndex = 0; path = DietiDeals24UITests.xctest; sourceTree = BUILT_PRODUCTS_DIR; };
/* End PBXFileReference section */

/* Begin PBXFileSystemSynchronizedRootGroup section */
		51244CFC2CF62CD3003AA070 /* DietiDeals24 */ = {
			isa = PBXFileSystemSynchronizedRootGroup;
			path = DietiDeals24;
			sourceTree = "<group>";
		};
		51244D0D2CF62CD4003AA070 /* DietiDeals24Tests */ = {
			isa = PBXFileSystemSynchronizedRootGroup;
			path = DietiDeals24Tests;
			sourceTree = "<group>";
		};
		51244D172CF62CD4003AA070 /* DietiDeals24UITests */ = {
			isa = PBXFileSystemSynchronizedRootGroup;
			path = DietiDeals24UITests;
			sourceTree = "<group>";
		};
/* End PBXFileSystemSynchronizedRootGroup section */

/* Begin PBXFrameworksBuildPhase section */
		51244CF72CF62CD3003AA070 /* Frameworks */ = {
			isa = PBXFrameworksBuildPhase;
			buildActionMask = 2147483647;
			files = (
			);
			runOnlyForDeploymentPostprocessing = 0;
		};
		51244D072CF62CD4003AA070 /* Frameworks */ = {
			isa = PBXFrameworksBuildPhase;
			buildActionMask = 2147483647;
			files = (
			);
			runOnlyForDeploymentPostprocessing = 0;
		};
		51244D112CF62CD4003AA070 /* Frameworks */ = {
			isa = PBXFrameworksBuildPhase;
			buildActionMask = 2147483647;
			files = (
			);
			runOnlyForDeploymentPostprocessing = 0;
		};
/* End PBXFrameworksBuildPhase section */

/* Begin PBXGroup section */
		51244CF12CF62CD3003AA070 = {
			isa = PBXGroup;
			children = (
				51244CFC2CF62CD3003AA070 /* DietiDeals24 */,
				51244D0D2CF62CD4003AA070 /* DietiDeals24Tests */,
				51244D172CF62CD4003AA070 /* DietiDeals24UITests */,
				51244CFB2CF62CD3003AA070 /* Products */,
			);
			sourceTree = "<group>";
		};
		51244CFB2CF62CD3003AA070 /* Products */ = {
			isa = PBXGroup;
			children = (
				51244CFA2CF62CD3003AA070 /* DietiDeals24.app */,
				51244D0A2CF62CD4003AA070 /* DietiDeals24Tests.xctest */,
				51244D142CF62CD4003AA070 /* DietiDeals24UITests.xctest */,
			);
			name = Products;
			sourceTree = "<group>";
		};
/* End PBXGroup section */

/* Begin PBXNativeTarget section */
		51244CF92CF62CD3003AA070 /* DietiDeals24 */ = {
			isa = PBXNativeTarget;
			buildConfigurationList = 51244D1E2CF62CD4003AA070 /* Build configuration list for PBXNativeTarget "DietiDeals24" */;
			buildPhases = (
				51244CF62CF62CD3003AA070 /* Sources */,
				51244CF72CF62CD3003AA070 /* Frameworks */,
				51244CF82CF62CD3003AA070 /* Resources */,
			);
			buildRules = (
			);
			dependencies = (
			);
			fileSystemSynchronizedGroups = (
				51244CFC2CF62CD3003AA070 /* DietiDeals24 */,
			);
			name = DietiDeals24;
			packageProductDependencies = (
			);
			productName = DietiDeals24;
			productReference = 51244CFA2CF62CD3003AA070 /* DietiDeals24.app */;
			productType = "com.apple.product-type.application";
		};
		51244D092CF62CD4003AA070 /* DietiDeals24Tests */ = {
			isa = PBXNativeTarget;
			buildConfigurationList = 51244D212CF62CD4003AA070 /* Build configuration list for PBXNativeTarget "DietiDeals24Tests" */;
			buildPhases = (
				51244D062CF62CD4003AA070 /* Sources */,
				51244D072CF62CD4003AA070 /* Frameworks */,
				51244D082CF62CD4003AA070 /* Resources */,
			);
			buildRules = (
			);
			dependencies = (
				51244D0C2CF62CD4003AA070 /* PBXTargetDependency */,
			);
			fileSystemSynchronizedGroups = (
				51244D0D2CF62CD4003AA070 /* DietiDeals24Tests */,
			);
			name = DietiDeals24Tests;
			packageProductDependencies = (
			);
			productName = DietiDeals24Tests;
			productReference = 51244D0A2CF62CD4003AA070 /* DietiDeals24Tests.xctest */;
			productType = "com.apple.product-type.bundle.unit-test";
		};
		51244D132CF62CD4003AA070 /* DietiDeals24UITests */ = {
			isa = PBXNativeTarget;
			buildConfigurationList = 51244D242CF62CD4003AA070 /* Build configuration list for PBXNativeTarget "DietiDeals24UITests" */;
			buildPhases = (
				51244D102CF62CD4003AA070 /* Sources */,
				51244D112CF62CD4003AA070 /* Frameworks */,
				51244D122CF62CD4003AA070 /* Resources */,
			);
			buildRules = (
			);
			dependencies = (
				51244D162CF62CD4003AA070 /* PBXTargetDependency */,
			);
			fileSystemSynchronizedGroups = (
				51244D172CF62CD4003AA070 /* DietiDeals24UITests */,
			);
			name = DietiDeals24UITests;
			packageProductDependencies = (
			);
			productName = DietiDeals24UITests;
			productReference = 51244D142CF62CD4003AA070 /* DietiDeals24UITests.xctest */;
			productType = "com.apple.product-type.bundle.ui-testing";
		};
/* End PBXNativeTarget section */

/* Begin PBXProject section */
		51244CF22CF62CD3003AA070 /* Project object */ = {
			isa = PBXProject;
			attributes = {
				BuildIndependentTargetsInParallel = 1;
				LastSwiftUpdateCheck = 1610;
				LastUpgradeCheck = 1610;
				TargetAttributes = {
					51244CF92CF62CD3003AA070 = {
						CreatedOnToolsVersion = 16.1;
					};
					51244D092CF62CD4003AA070 = {
						CreatedOnToolsVersion = 16.1;
						TestTargetID = 51244CF92CF62CD3003AA070;
					};
					51244D132CF62CD4003AA070 = {
						CreatedOnToolsVersion = 16.1;
						TestTargetID = 51244CF92CF62CD3003AA070;
					};
				};
			};
			buildConfigurationList = 51244CF52CF62CD3003AA070 /* Build configuration list for PBXProject "DietiDeals24" */;
			developmentRegion = en;
			hasScannedForEncodings = 0;
			knownRegions = (
				en,
				Base,
			);
			mainGroup = 51244CF12CF62CD3003AA070;
			minimizedProjectReferenceProxies = 1;
			preferredProjectObjectVersion = 77;
			productRefGroup = 51244CFB2CF62CD3003AA070 /* Products */;
			projectDirPath = "";
			projectRoot = "";
			targets = (
				51244CF92CF62CD3003AA070 /* DietiDeals24 */,
				51244D092CF62CD4003AA070 /* DietiDeals24Tests */,
				51244D132CF62CD4003AA070 /* DietiDeals24UITests */,
			);
		};
/* End PBXProject section */

/* Begin PBXResourcesBuildPhase section */
		51244CF82CF62CD3003AA070 /* Resources */ = {
			isa = PBXResourcesBuildPhase;
			buildActionMask = 2147483647;
			files = (
			);
			runOnlyForDeploymentPostprocessing = 0;
		};
		51244D082CF62CD4003AA070 /* Resources */ = {
			isa = PBXResourcesBuildPhase;
			buildActionMask = 2147483647;
			files = (
			);
			runOnlyForDeploymentPostprocessing = 0;
		};
		51244D122CF62CD4003AA070 /* Resources */ = {
			isa = PBXResourcesBuildPhase;
			buildActionMask = 2147483647;
			files = (
			);
			runOnlyForDeploymentPostprocessing = 0;
		};
/* End PBXResourcesBuildPhase section */

/* Begin PBXSourcesBuildPhase section */
		51244CF62CF62CD3003AA070 /* Sources */ = {
			isa = PBXSourcesBuildPhase;
			buildActionMask = 2147483647;
			files = (
			);
			runOnlyForDeploymentPostprocessing = 0;
		};
		51244D062CF62CD4003AA070 /* Sources */ = {
			isa = PBXSourcesBuildPhase;
			buildActionMask = 2147483647;
			files = (
			);
			runOnlyForDeploymentPostprocessing = 0;
		};
		51244D102CF62CD4003AA070 /* Sources */ = {
			isa = PBXSourcesBuildPhase;
			buildActionMask = 2147483647;
			files = (
			);
			runOnlyForDeploymentPostprocessing = 0;
		};
/* End PBXSourcesBuildPhase section */

/* Begin PBXTargetDependency section */
		51244D0C2CF62CD4003AA070 /* PBXTargetDependency */ = {
			isa = PBXTargetDependency;
			target = 51244CF92CF62CD3003AA070 /* DietiDeals24 */;
			targetProxy = 51244D0B2CF62CD4003AA070 /* PBXContainerItemProxy */;
		};
		51244D162CF62CD4003AA070 /* PBXTargetDependency */ = {
			isa = PBXTargetDependency;
			target = 51244CF92CF62CD3003AA070 /* DietiDeals24 */;
			targetProxy = 51244D152CF62CD4003AA070 /* PBXContainerItemProxy */;
		};
/* End PBXTargetDependency section */

/* Begin XCBuildConfiguration section */
		51244D1C2CF62CD4003AA070 /* Debug */ = {
			isa = XCBuildConfiguration;
			buildSettings = {
				ALWAYS_SEARCH_USER_PATHS = NO;
				ASSETCATALOG_COMPILER_GENERATE_SWIFT_ASSET_SYMBOL_EXTENSIONS = YES;
				CLANG_ANALYZER_NONNULL = YES;
				CLANG_ANALYZER_NUMBER_OBJECT_CONVERSION = YES_AGGRESSIVE;
				CLANG_CXX_LANGUAGE_STANDARD = "gnu++20";
				CLANG_ENABLE_MODULES = YES;
				CLANG_ENABLE_OBJC_ARC = YES;
				CLANG_ENABLE_OBJC_WEAK = YES;
				CLANG_WARN_BLOCK_CAPTURE_AUTORELEASING = YES;
				CLANG_WARN_BOOL_CONVERSION = YES;
				CLANG_WARN_COMMA = YES;
				CLANG_WARN_CONSTANT_CONVERSION = YES;
				CLANG_WARN_DEPRECATED_OBJC_IMPLEMENTATIONS = YES;
				CLANG_WARN_DIRECT_OBJC_ISA_USAGE = YES_ERROR;
				CLANG_WARN_DOCUMENTATION_COMMENTS = YES;
				CLANG_WARN_EMPTY_BODY = YES;
				CLANG_WARN_ENUM_CONVERSION = YES;
				CLANG_WARN_INFINITE_RECURSION = YES;
				CLANG_WARN_INT_CONVERSION = YES;
				CLANG_WARN_NON_LITERAL_NULL_CONVERSION = YES;
				CLANG_WARN_OBJC_IMPLICIT_RETAIN_SELF = YES;
				CLANG_WARN_OBJC_LITERAL_CONVERSION = YES;
				CLANG_WARN_OBJC_ROOT_CLASS = YES_ERROR;
				CLANG_WARN_QUOTED_INCLUDE_IN_FRAMEWORK_HEADER = YES;
				CLANG_WARN_RANGE_LOOP_ANALYSIS = YES;
				CLANG_WARN_STRICT_PROTOTYPES = YES;
				CLANG_WARN_SUSPICIOUS_MOVE = YES;
				CLANG_WARN_UNGUARDED_AVAILABILITY = YES_AGGRESSIVE;
				CLANG_WARN_UNREACHABLE_CODE = YES;
				CLANG_WARN__DUPLICATE_METHOD_MATCH = YES;
				COPY_PHASE_STRIP = NO;
				DEBUG_INFORMATION_FORMAT = dwarf;
				ENABLE_STRICT_OBJC_MSGSEND = YES;
				ENABLE_TESTABILITY = YES;
				ENABLE_USER_SCRIPT_SANDBOXING = YES;
				GCC_C_LANGUAGE_STANDARD = gnu17;
				GCC_DYNAMIC_NO_PIC = NO;
				GCC_NO_COMMON_BLOCKS = YES;
				GCC_OPTIMIZATION_LEVEL = 0;
				GCC_PREPROCESSOR_DEFINITIONS = (
					"DEBUG=1",
					"$(inherited)",
				);
				GCC_WARN_64_TO_32_BIT_CONVERSION = YES;
				GCC_WARN_ABOUT_RETURN_TYPE = YES_ERROR;
				GCC_WARN_UNDECLARED_SELECTOR = YES;
				GCC_WARN_UNINITIALIZED_AUTOS = YES_AGGRESSIVE;
				GCC_WARN_UNUSED_FUNCTION = YES;
				GCC_WARN_UNUSED_VARIABLE = YES;
				IPHONEOS_DEPLOYMENT_TARGET = 18.0;
				LOCALIZATION_PREFERS_STRING_CATALOGS = YES;
				MTL_ENABLE_DEBUG_INFO = INCLUDE_SOURCE;
				MTL_FAST_MATH = YES;
				ONLY_ACTIVE_ARCH = YES;
				SDKROOT = iphoneos;
				SWIFT_ACTIVE_COMPILATION_CONDITIONS = "DEBUG $(inherited)";
				SWIFT_OPTIMIZATION_LEVEL = "-Onone";
			};
			name = Debug;
		};
		51244D1D2CF62CD4003AA070 /* Release */ = {
			isa = XCBuildConfiguration;
			buildSettings = {
				ALWAYS_SEARCH_USER_PATHS = NO;
				ASSETCATALOG_COMPILER_GENERATE_SWIFT_ASSET_SYMBOL_EXTENSIONS = YES;
				CLANG_ANALYZER_NONNULL = YES;
				CLANG_ANALYZER_NUMBER_OBJECT_CONVERSION = YES_AGGRESSIVE;
				CLANG_CXX_LANGUAGE_STANDARD = "gnu++20";
				CLANG_ENABLE_MODULES = YES;
				CLANG_ENABLE_OBJC_ARC = YES;
				CLANG_ENABLE_OBJC_WEAK = YES;
				CLANG_WARN_BLOCK_CAPTURE_AUTORELEASING = YES;
				CLANG_WARN_BOOL_CONVERSION = YES;
				CLANG_WARN_COMMA = YES;
				CLANG_WARN_CONSTANT_CONVERSION = YES;
				CLANG_WARN_DEPRECATED_OBJC_IMPLEMENTATIONS = YES;
				CLANG_WARN_DIRECT_OBJC_ISA_USAGE = YES_ERROR;
				CLANG_WARN_DOCUMENTATION_COMMENTS = YES;
				CLANG_WARN_EMPTY_BODY = YES;
				CLANG_WARN_ENUM_CONVERSION = YES;
				CLANG_WARN_INFINITE_RECURSION = YES;
				CLANG_WARN_INT_CONVERSION = YES;
				CLANG_WARN_NON_LITERAL_NULL_CONVERSION = YES;
				CLANG_WARN_OBJC_IMPLICIT_RETAIN_SELF = YES;
				CLANG_WARN_OBJC_LITERAL_CONVERSION = YES;
				CLANG_WARN_OBJC_ROOT_CLASS = YES_ERROR;
				CLANG_WARN_QUOTED_INCLUDE_IN_FRAMEWORK_HEADER = YES;
				CLANG_WARN_RANGE_LOOP_ANALYSIS = YES;
				CLANG_WARN_STRICT_PROTOTYPES = YES;
				CLANG_WARN_SUSPICIOUS_MOVE = YES;
				CLANG_WARN_UNGUARDED_AVAILABILITY = YES_AGGRESSIVE;
				CLANG_WARN_UNREACHABLE_CODE = YES;
				CLANG_WARN__DUPLICATE_METHOD_MATCH = YES;
				COPY_PHASE_STRIP = NO;
				DEBUG_INFORMATION_FORMAT = "dwarf-with-dsym";
				ENABLE_NS_ASSERTIONS = NO;
				ENABLE_STRICT_OBJC_MSGSEND = YES;
				ENABLE_USER_SCRIPT_SANDBOXING = YES;
				GCC_C_LANGUAGE_STANDARD = gnu17;
				GCC_NO_COMMON_BLOCKS = YES;
				GCC_WARN_64_TO_32_BIT_CONVERSION = YES;
				GCC_WARN_ABOUT_RETURN_TYPE = YES_ERROR;
				GCC_WARN_UNDECLARED_SELECTOR = YES;
				GCC_WARN_UNINITIALIZED_AUTOS = YES_AGGRESSIVE;
				GCC_WARN_UNUSED_FUNCTION = YES;
				GCC_WARN_UNUSED_VARIABLE = YES;
				IPHONEOS_DEPLOYMENT_TARGET = 18.0;
				LOCALIZATION_PREFERS_STRING_CATALOGS = YES;
				MTL_ENABLE_DEBUG_INFO = NO;
				MTL_FAST_MATH = YES;
				SDKROOT = iphoneos;
				SWIFT_COMPILATION_MODE = wholemodule;
				VALIDATE_PRODUCT = YES;
			};
			name = Release;
		};
		51244D1F2CF62CD4003AA070 /* Debug */ = {
			isa = XCBuildConfiguration;
			buildSettings = {
				ASSETCATALOG_COMPILER_APPICON_NAME = AppIcon;
				ASSETCATALOG_COMPILER_GLOBAL_ACCENT_COLOR_NAME = AccentColor;
				CODE_SIGN_STYLE = Automatic;
				CURRENT_PROJECT_VERSION = 1;
				DEVELOPMENT_ASSET_PATHS = "\"DietiDeals24/Preview Content\"";
				DEVELOPMENT_TEAM = SA4H49C4LT;
				ENABLE_PREVIEWS = YES;
				GENERATE_INFOPLIST_FILE = YES;
				INFOPLIST_KEY_UIApplicationSceneManifest_Generation = YES;
				INFOPLIST_KEY_UIApplicationSupportsIndirectInputEvents = YES;
				INFOPLIST_KEY_UILaunchScreen_Generation = YES;
				INFOPLIST_KEY_UISupportedInterfaceOrientations_iPad = "UIInterfaceOrientationPortrait UIInterfaceOrientationPortraitUpsideDown UIInterfaceOrientationLandscapeLeft UIInterfaceOrientationLandscapeRight";
				INFOPLIST_KEY_UISupportedInterfaceOrientations_iPhone = "UIInterfaceOrientationPortrait UIInterfaceOrientationLandscapeLeft UIInterfaceOrientationLandscapeRight";
				IPHONEOS_DEPLOYMENT_TARGET = 18.0;
				LD_RUNPATH_SEARCH_PATHS = (
					"$(inherited)",
					"@executable_path/Frameworks",
				);
				MARKETING_VERSION = 1.0;
				PRODUCT_BUNDLE_IDENTIFIER = ingsw2324g63.sigmaTeam.DietiDeals24;
				PRODUCT_NAME = "$(TARGET_NAME)";
				SWIFT_EMIT_LOC_STRINGS = YES;
				SWIFT_VERSION = 5.0;
				TARGETED_DEVICE_FAMILY = "1,2";
			};
			name = Debug;
		};
		51244D202CF62CD4003AA070 /* Release */ = {
			isa = XCBuildConfiguration;
			buildSettings = {
				ASSETCATALOG_COMPILER_APPICON_NAME = AppIcon;
				ASSETCATALOG_COMPILER_GLOBAL_ACCENT_COLOR_NAME = AccentColor;
				CODE_SIGN_STYLE = Automatic;
				CURRENT_PROJECT_VERSION = 1;
				DEVELOPMENT_ASSET_PATHS = "\"DietiDeals24/Preview Content\"";
				DEVELOPMENT_TEAM = SA4H49C4LT;
				ENABLE_PREVIEWS = YES;
				GENERATE_INFOPLIST_FILE = YES;
				INFOPLIST_KEY_UIApplicationSceneManifest_Generation = YES;
				INFOPLIST_KEY_UIApplicationSupportsIndirectInputEvents = YES;
				INFOPLIST_KEY_UILaunchScreen_Generation = YES;
				INFOPLIST_KEY_UISupportedInterfaceOrientations_iPad = "UIInterfaceOrientationPortrait UIInterfaceOrientationPortraitUpsideDown UIInterfaceOrientationLandscapeLeft UIInterfaceOrientationLandscapeRight";
				INFOPLIST_KEY_UISupportedInterfaceOrientations_iPhone = "UIInterfaceOrientationPortrait UIInterfaceOrientationLandscapeLeft UIInterfaceOrientationLandscapeRight";
				IPHONEOS_DEPLOYMENT_TARGET = 18.0;
				LD_RUNPATH_SEARCH_PATHS = (
					"$(inherited)",
					"@executable_path/Frameworks",
				);
				MARKETING_VERSION = 1.0;
				PRODUCT_BUNDLE_IDENTIFIER = ingsw2324g63.sigmaTeam.DietiDeals24;
				PRODUCT_NAME = "$(TARGET_NAME)";
				SWIFT_EMIT_LOC_STRINGS = YES;
				SWIFT_VERSION = 5.0;
				TARGETED_DEVICE_FAMILY = "1,2";
			};
			name = Release;
		};
		51244D222CF62CD4003AA070 /* Debug */ = {
			isa = XCBuildConfiguration;
			buildSettings = {
				BUNDLE_LOADER = "$(TEST_HOST)";
				CODE_SIGN_STYLE = Automatic;
				CURRENT_PROJECT_VERSION = 1;
				DEVELOPMENT_TEAM = SA4H49C4LT;
				GENERATE_INFOPLIST_FILE = YES;
				IPHONEOS_DEPLOYMENT_TARGET = 18.0;
				MARKETING_VERSION = 1.0;
				PRODUCT_BUNDLE_IDENTIFIER = ingsw2324g63.sigmaTeam.DietiDeals24Tests;
				PRODUCT_NAME = "$(TARGET_NAME)";
				SWIFT_EMIT_LOC_STRINGS = NO;
				SWIFT_VERSION = 5.0;
				TARGETED_DEVICE_FAMILY = "1,2";
				TEST_HOST = "$(BUILT_PRODUCTS_DIR)/DietiDeals24.app/$(BUNDLE_EXECUTABLE_FOLDER_PATH)/DietiDeals24";
			};
			name = Debug;
		};
		51244D232CF62CD4003AA070 /* Release */ = {
			isa = XCBuildConfiguration;
			buildSettings = {
				BUNDLE_LOADER = "$(TEST_HOST)";
				CODE_SIGN_STYLE = Automatic;
				CURRENT_PROJECT_VERSION = 1;
				DEVELOPMENT_TEAM = SA4H49C4LT;
				GENERATE_INFOPLIST_FILE = YES;
				IPHONEOS_DEPLOYMENT_TARGET = 18.0;
				MARKETING_VERSION = 1.0;
				PRODUCT_BUNDLE_IDENTIFIER = ingsw2324g63.sigmaTeam.DietiDeals24Tests;
				PRODUCT_NAME = "$(TARGET_NAME)";
				SWIFT_EMIT_LOC_STRINGS = NO;
				SWIFT_VERSION = 5.0;
				TARGETED_DEVICE_FAMILY = "1,2";
				TEST_HOST = "$(BUILT_PRODUCTS_DIR)/DietiDeals24.app/$(BUNDLE_EXECUTABLE_FOLDER_PATH)/DietiDeals24";
			};
			name = Release;
		};
		51244D252CF62CD4003AA070 /* Debug */ = {
			isa = XCBuildConfiguration;
			buildSettings = {
				CODE_SIGN_STYLE = Automatic;
				CURRENT_PROJECT_VERSION = 1;
				DEVELOPMENT_TEAM = SA4H49C4LT;
				GENERATE_INFOPLIST_FILE = YES;
				IPHONEOS_DEPLOYMENT_TARGET = 18.0;
				MARKETING_VERSION = 1.0;
				PRODUCT_BUNDLE_IDENTIFIER = ingsw2324g63.sigmaTeam.DietiDeals24UITests;
				PRODUCT_NAME = "$(TARGET_NAME)";
				SWIFT_EMIT_LOC_STRINGS = NO;
				SWIFT_VERSION = 5.0;
				TARGETED_DEVICE_FAMILY = "1,2";
				TEST_TARGET_NAME = DietiDeals24;
			};
			name = Debug;
		};
		51244D262CF62CD4003AA070 /* Release */ = {
			isa = XCBuildConfiguration;
			buildSettings = {
				CODE_SIGN_STYLE = Automatic;
				CURRENT_PROJECT_VERSION = 1;
				DEVELOPMENT_TEAM = SA4H49C4LT;
				GENERATE_INFOPLIST_FILE = YES;
				IPHONEOS_DEPLOYMENT_TARGET = 18.0;
				MARKETING_VERSION = 1.0;
				PRODUCT_BUNDLE_IDENTIFIER = ingsw2324g63.sigmaTeam.DietiDeals24UITests;
				PRODUCT_NAME = "$(TARGET_NAME)";
				SWIFT_EMIT_LOC_STRINGS = NO;
				SWIFT_VERSION = 5.0;
				TARGETED_DEVICE_FAMILY = "1,2";
				TEST_TARGET_NAME = DietiDeals24;
			};
			name = Release;
		};
/* End XCBuildConfiguration section */

/* Begin XCConfigurationList section */
		51244CF52CF62CD3003AA070 /* Build configuration list for PBXProject "DietiDeals24" */ = {
			isa = XCConfigurationList;
			buildConfigurations = (
				51244D1C2CF62CD4003AA070 /* Debug */,
				51244D1D2CF62CD4003AA070 /* Release */,
			);
			defaultConfigurationIsVisible = 0;
			defaultConfigurationName = Release;
		};
		51244D1E2CF62CD4003AA070 /* Build configuration list for PBXNativeTarget "DietiDeals24" */ = {
			isa = XCConfigurationList;
			buildConfigurations = (
				51244D1F2CF62CD4003AA070 /* Debug */,
				51244D202CF62CD4003AA070 /* Release */,
			);
			defaultConfigurationIsVisible = 0;
			defaultConfigurationName = Release;
		};
		51244D212CF62CD4003AA070 /* Build configuration list for PBXNativeTarget "DietiDeals24Tests" */ = {
			isa = XCConfigurationList;
			buildConfigurations = (
				51244D222CF62CD4003AA070 /* Debug */,
				51244D232CF62CD4003AA070 /* Release */,
			);
			defaultConfigurationIsVisible = 0;
			defaultConfigurationName = Release;
		};
		51244D242CF62CD4003AA070 /* Build configuration list for PBXNativeTarget "DietiDeals24UITests" */ = {
			isa = XCConfigurationList;
			buildConfigurations = (
				51244D252CF62CD4003AA070 /* Debug */,
				51244D262CF62CD4003AA070 /* Release */,
			);
			defaultConfigurationIsVisible = 0;
			defaultConfigurationName = Release;
		};
/* End XCConfigurationList section */
	};
	rootObject = 51244CF22CF62CD3003AA070 /* Project object */;
}
